
Microsoft Visual Studio Solution File, Format Version 12.00
# Visual Studio Version 17
VisualStudioVersion = 17.0.31903.59
MinimumVisualStudioVersion = 10.0.40219.1
Project("{2150E333-8FDC-42A3-9474-1A3956D46DE8}") = "holaMundo", "holaMundo", "{1DAB52A9-B22D-4D1C-8A65-F85A1673EE4D}"
EndProject
Project("{FAE04EC0-301F-11D3-BF4B-00C04F79EFBC}") = "holaMundo", "holaMundo\holaMundo\holaMundo.csproj", "{5805F0E7-9ABA-432A-B8B1-C29FD1250804}"
EndProject
Project("{2150E333-8FDC-42A3-9474-1A3956D46DE8}") = "Ejemplo12", "Ejemplo12", "{814B26BF-CB7C-4140-84A1-75CB7E26E51A}"
EndProject
Project("{FAE04EC0-301F-11D3-BF4B-00C04F79EFBC}") = "programa12", "Ejemplo12\programa12\programa12.csproj", "{EBC67819-059B-45C6-857F-C5D5E54BC008}"
EndProject
Project("{2150E333-8FDC-42A3-9474-1A3956D46DE8}") = "Ejemplo13", "Ejemplo13", "{74E57F9F-E229-4671-8EDB-92E8B9AA2FDC}"
EndProject
Project("{FAE04EC0-301F-11D3-BF4B-00C04F79EFBC}") = "programa13", "Ejemplo13\programa13\programa13.csproj", "{033E7451-C132-4A9B-B123-907D7BADC2E7}"
EndProject
Project("{2150E333-8FDC-42A3-9474-1A3956D46DE8}") = "ejemplo1", "ejemplo1", "{2BCE2556-F699-49FF-8110-7E6A83725E16}"
EndProject
Project("{FAE04EC0-301F-11D3-BF4B-00C04F79EFBC}") = "ejemplo1", "ejemplo1\ejemplo1\ejemplo1.csproj", "{0BF2A191-0C44-4710-A8BF-39B9FE123457}"
EndProject
Project("{2150E333-8FDC-42A3-9474-1A3956D46DE8}") = "ejemplo2", "ejemplo2", "{299DE245-3040-49A2-9681-5FD7E1E2562C}"
EndProject
Project("{FAE04EC0-301F-11D3-BF4B-00C04F79EFBC}") = "ejemplo2", "ejemplo2\ejemplo2\ejemplo2.csproj", "{1671DA4B-9DEE-479B-86CD-94BDA612BBEB}"
EndProject
Project("{2150E333-8FDC-42A3-9474-1A3956D46DE8}") = "ejemplo3", "ejemplo3", "{6B6A0F19-7811-45A2-8B5B-826A51B59722}"
EndProject
Project("{FAE04EC0-301F-11D3-BF4B-00C04F79EFBC}") = "ejemplo3", "ejemplo3\ejemplo3\ejemplo3.csproj", "{94DD8637-2BC3-4909-A268-E9DE97D867CF}"
EndProject
Project("{2150E333-8FDC-42A3-9474-1A3956D46DE8}") = "ejemplo4", "ejemplo4", "{1C0DD198-0A51-4FD2-81D4-FE1D2161B8BB}"
EndProject
Project("{FAE04EC0-301F-11D3-BF4B-00C04F79EFBC}") = "ejemplo4", "ejemplo4\ejemplo4\ejemplo4.csproj", "{6F521D92-F1E7-4495-A891-DAF5EDAF2B9A}"
EndProject
Project("{2150E333-8FDC-42A3-9474-1A3956D46DE8}") = "ejemplo5", "ejemplo5", "{AE4BA17C-AB34-4D3D-AD9B-132E31983657}"
EndProject
Project("{FAE04EC0-301F-11D3-BF4B-00C04F79EFBC}") = "ejemplo5", "ejemplo5\ejemplo5\ejemplo5.csproj", "{A2D2E4AC-2388-485D-BAF5-2E33468668EF}"
EndProject
Project("{2150E333-8FDC-42A3-9474-1A3956D46DE8}") = "ejemplo09", "ejemplo09", "{B8FED065-1048-4520-A237-AC1CD557391D}"
EndProject
Project("{FAE04EC0-301F-11D3-BF4B-00C04F79EFBC}") = "ejemplo9", "ejemplo09\ejemplo9\ejemplo9.csproj", "{A6E7D18A-32E7-4882-9191-A67E244D978C}"
EndProject
Project("{2150E333-8FDC-42A3-9474-1A3956D46DE8}") = "ejemplo14", "ejemplo14", "{CD9747C5-3913-4CB5-914C-79684C911237}"
EndProject
Project("{FAE04EC0-301F-11D3-BF4B-00C04F79EFBC}") = "ejemplo14", "ejemplo14\ejemplo14\ejemplo14.csproj", "{19E54AB0-C209-4113-AAC2-794E40AF232E}"
EndProject
Global
	GlobalSection(SolutionConfigurationPlatforms) = preSolution
		Debug|Any CPU = Debug|Any CPU
		Release|Any CPU = Release|Any CPU
	EndGlobalSection
	GlobalSection(SolutionProperties) = preSolution
		HideSolutionNode = FALSE
	EndGlobalSection
	GlobalSection(ProjectConfigurationPlatforms) = postSolution
		{5805F0E7-9ABA-432A-B8B1-C29FD1250804}.Debug|Any CPU.ActiveCfg = Debug|Any CPU
		{5805F0E7-9ABA-432A-B8B1-C29FD1250804}.Debug|Any CPU.Build.0 = Debug|Any CPU
		{5805F0E7-9ABA-432A-B8B1-C29FD1250804}.Release|Any CPU.ActiveCfg = Release|Any CPU
		{5805F0E7-9ABA-432A-B8B1-C29FD1250804}.Release|Any CPU.Build.0 = Release|Any CPU
		{EBC67819-059B-45C6-857F-C5D5E54BC008}.Debug|Any CPU.ActiveCfg = Debug|Any CPU
		{EBC67819-059B-45C6-857F-C5D5E54BC008}.Debug|Any CPU.Build.0 = Debug|Any CPU
		{EBC67819-059B-45C6-857F-C5D5E54BC008}.Release|Any CPU.ActiveCfg = Release|Any CPU
		{EBC67819-059B-45C6-857F-C5D5E54BC008}.Release|Any CPU.Build.0 = Release|Any CPU
		{033E7451-C132-4A9B-B123-907D7BADC2E7}.Debug|Any CPU.ActiveCfg = Debug|Any CPU
		{033E7451-C132-4A9B-B123-907D7BADC2E7}.Debug|Any CPU.Build.0 = Debug|Any CPU
		{033E7451-C132-4A9B-B123-907D7BADC2E7}.Release|Any CPU.ActiveCfg = Release|Any CPU
		{033E7451-C132-4A9B-B123-907D7BADC2E7}.Release|Any CPU.Build.0 = Release|Any CPU
		{0BF2A191-0C44-4710-A8BF-39B9FE123457}.Debug|Any CPU.ActiveCfg = Debug|Any CPU
		{0BF2A191-0C44-4710-A8BF-39B9FE123457}.Debug|Any CPU.Build.0 = Debug|Any CPU
		{0BF2A191-0C44-4710-A8BF-39B9FE123457}.Release|Any CPU.ActiveCfg = Release|Any CPU
		{0BF2A191-0C44-4710-A8BF-39B9FE123457}.Release|Any CPU.Build.0 = Release|Any CPU
		{1671DA4B-9DEE-479B-86CD-94BDA612BBEB}.Debug|Any CPU.ActiveCfg = Debug|Any CPU
		{1671DA4B-9DEE-479B-86CD-94BDA612BBEB}.Debug|Any CPU.Build.0 = Debug|Any CPU
		{1671DA4B-9DEE-479B-86CD-94BDA612BBEB}.Release|Any CPU.ActiveCfg = Release|Any CPU
		{1671DA4B-9DEE-479B-86CD-94BDA612BBEB}.Release|Any CPU.Build.0 = Release|Any CPU
		{94DD8637-2BC3-4909-A268-E9DE97D867CF}.Debug|Any CPU.ActiveCfg = Debug|Any CPU
		{94DD8637-2BC3-4909-A268-E9DE97D867CF}.Debug|Any CPU.Build.0 = Debug|Any CPU
		{94DD8637-2BC3-4909-A268-E9DE97D867CF}.Release|Any CPU.ActiveCfg = Release|Any CPU
		{94DD8637-2BC3-4909-A268-E9DE97D867CF}.Release|Any CPU.Build.0 = Release|Any CPU
		{6F521D92-F1E7-4495-A891-DAF5EDAF2B9A}.Debug|Any CPU.ActiveCfg = Debug|Any CPU
		{6F521D92-F1E7-4495-A891-DAF5EDAF2B9A}.Debug|Any CPU.Build.0 = Debug|Any CPU
		{6F521D92-F1E7-4495-A891-DAF5EDAF2B9A}.Release|Any CPU.ActiveCfg = Release|Any CPU
		{6F521D92-F1E7-4495-A891-DAF5EDAF2B9A}.Release|Any CPU.Build.0 = Release|Any CPU
		{A2D2E4AC-2388-485D-BAF5-2E33468668EF}.Debug|Any CPU.ActiveCfg = Debug|Any CPU
		{A2D2E4AC-2388-485D-BAF5-2E33468668EF}.Debug|Any CPU.Build.0 = Debug|Any CPU
		{A2D2E4AC-2388-485D-BAF5-2E33468668EF}.Release|Any CPU.ActiveCfg = Release|Any CPU
		{A2D2E4AC-2388-485D-BAF5-2E33468668EF}.Release|Any CPU.Build.0 = Release|Any CPU
		{A6E7D18A-32E7-4882-9191-A67E244D978C}.Debug|Any CPU.ActiveCfg = Debug|Any CPU
		{A6E7D18A-32E7-4882-9191-A67E244D978C}.Debug|Any CPU.Build.0 = Debug|Any CPU
		{A6E7D18A-32E7-4882-9191-A67E244D978C}.Release|Any CPU.ActiveCfg = Release|Any CPU
		{A6E7D18A-32E7-4882-9191-A67E244D978C}.Release|Any CPU.Build.0 = Release|Any CPU
		{19E54AB0-C209-4113-AAC2-794E40AF232E}.Debug|Any CPU.ActiveCfg = Debug|Any CPU
		{19E54AB0-C209-4113-AAC2-794E40AF232E}.Debug|Any CPU.Build.0 = Debug|Any CPU
		{19E54AB0-C209-4113-AAC2-794E40AF232E}.Release|Any CPU.ActiveCfg = Release|Any CPU
		{19E54AB0-C209-4113-AAC2-794E40AF232E}.Release|Any CPU.Build.0 = Release|Any CPU
	EndGlobalSection
	GlobalSection(NestedProjects) = preSolution
		{5805F0E7-9ABA-432A-B8B1-C29FD1250804} = {1DAB52A9-B22D-4D1C-8A65-F85A1673EE4D}
		{EBC67819-059B-45C6-857F-C5D5E54BC008} = {814B26BF-CB7C-4140-84A1-75CB7E26E51A}
		{033E7451-C132-4A9B-B123-907D7BADC2E7} = {74E57F9F-E229-4671-8EDB-92E8B9AA2FDC}
		{0BF2A191-0C44-4710-A8BF-39B9FE123457} = {2BCE2556-F699-49FF-8110-7E6A83725E16}
		{1671DA4B-9DEE-479B-86CD-94BDA612BBEB} = {299DE245-3040-49A2-9681-5FD7E1E2562C}
		{94DD8637-2BC3-4909-A268-E9DE97D867CF} = {6B6A0F19-7811-45A2-8B5B-826A51B59722}
		{6F521D92-F1E7-4495-A891-DAF5EDAF2B9A} = {1C0DD198-0A51-4FD2-81D4-FE1D2161B8BB}
		{A2D2E4AC-2388-485D-BAF5-2E33468668EF} = {AE4BA17C-AB34-4D3D-AD9B-132E31983657}
		{A6E7D18A-32E7-4882-9191-A67E244D978C} = {B8FED065-1048-4520-A237-AC1CD557391D}
		{19E54AB0-C209-4113-AAC2-794E40AF232E} = {CD9747C5-3913-4CB5-914C-79684C911237}
	EndGlobalSection
EndGlobal
